// !$*UTF8*$!
{
	archiveVersion = 1;
	classes = {
	};
	objectVersion = 45;
	objects = {

/* Begin PBXBuildFile section */
		4C24A80F1275C7C400F95168 /* NSObject+SBJSON.m in Sources */ = {isa = PBXBuildFile; fileRef = 4C24A8061275C7C400F95168 /* NSObject+SBJSON.m */; };
		4C24A8101275C7C400F95168 /* NSString+SBJSON.m in Sources */ = {isa = PBXBuildFile; fileRef = 4C24A8081275C7C400F95168 /* NSString+SBJSON.m */; };
		4C24A8111275C7C400F95168 /* SBJsonBase.m in Sources */ = {isa = PBXBuildFile; fileRef = 4C24A80A1275C7C400F95168 /* SBJsonBase.m */; };
		4C24A8121275C7C400F95168 /* SBJsonParser.m in Sources */ = {isa = PBXBuildFile; fileRef = 4C24A80C1275C7C400F95168 /* SBJsonParser.m */; };
		4C24A8131275C7C400F95168 /* SBJsonWriter.m in Sources */ = {isa = PBXBuildFile; fileRef = 4C24A80E1275C7C400F95168 /* SBJsonWriter.m */; };
		4C24A81A1275C7E100F95168 /* LICENSE in Resources */ = {isa = PBXBuildFile; fileRef = 4C24A8191275C7E100F95168 /* LICENSE */; };
		4C24A8D21275E75300F95168 /* Icon.icns in Resources */ = {isa = PBXBuildFile; fileRef = 4C24A8D11275E75300F95168 /* Icon.icns */; };
		4C24A9751276492400F95168 /* main.m in Sources */ = {isa = PBXBuildFile; fileRef = 4C24A9741276492400F95168 /* main.m */; };
		4C24A98A12764A4C00F95168 /* Services.m in Sources */ = {isa = PBXBuildFile; fileRef = 4C24A98912764A4C00F95168 /* Services.m */; };
		4C505E0D12B99EC4000E89AD /* AccentuateUs.m in Sources */ = {isa = PBXBuildFile; fileRef = 4CD8474712736EC300F74A59 /* AccentuateUs.m */; };
		4C505E0E12B99EC5000E89AD /* main.m in Sources */ = {isa = PBXBuildFile; fileRef = 4C24A9741276492400F95168 /* main.m */; };
		4C505E0F12B99EC6000E89AD /* Services.m in Sources */ = {isa = PBXBuildFile; fileRef = 4C24A98912764A4C00F95168 /* Services.m */; };
		4C505E5A12B9A3B4000E89AD /* SBJsonParser.m in Sources */ = {isa = PBXBuildFile; fileRef = 4C24A80C1275C7C400F95168 /* SBJsonParser.m */; };
		4C505E5B12B9A3B5000E89AD /* SBJsonWriter.m in Sources */ = {isa = PBXBuildFile; fileRef = 4C24A80E1275C7C400F95168 /* SBJsonWriter.m */; };
		4C505E5E12B9A3BB000E89AD /* SBJsonBase.m in Sources */ = {isa = PBXBuildFile; fileRef = 4C24A80A1275C7C400F95168 /* SBJsonBase.m */; };
		4CD8474812736EC300F74A59 /* AccentuateUs.m in Sources */ = {isa = PBXBuildFile; fileRef = 4CD8474712736EC300F74A59 /* AccentuateUs.m */; };
		4CD84AC61273D7A800F74A59 /* Cocoa.framework in Frameworks */ = {isa = PBXBuildFile; fileRef = 4CD84AC51273D7A800F74A59 /* Cocoa.framework */; };
		8D5B49A804867FD3000E48DA /* InfoPlist.strings in Resources */ = {isa = PBXBuildFile; fileRef = 8D5B49A704867FD3000E48DA /* InfoPlist.strings */; };
/* End PBXBuildFile section */

/* Begin PBXFileReference section */
		089C167EFE841241C02AAC07 /* English */ = {isa = PBXFileReference; fileEncoding = 4; lastKnownFileType = text.plist.strings; name = English; path = English.lproj/InfoPlist.strings; sourceTree = "<group>"; };
		4C24A8041275C7C400F95168 /* JSON.h */ = {isa = PBXFileReference; fileEncoding = 4; lastKnownFileType = sourcecode.c.h; path = JSON.h; sourceTree = "<group>"; };
		4C24A8051275C7C400F95168 /* NSObject+SBJSON.h */ = {isa = PBXFileReference; fileEncoding = 4; lastKnownFileType = sourcecode.c.h; path = "NSObject+SBJSON.h"; sourceTree = "<group>"; };
		4C24A8061275C7C400F95168 /* NSObject+SBJSON.m */ = {isa = PBXFileReference; fileEncoding = 4; lastKnownFileType = sourcecode.c.objc; path = "NSObject+SBJSON.m"; sourceTree = "<group>"; };
		4C24A8071275C7C400F95168 /* NSString+SBJSON.h */ = {isa = PBXFileReference; fileEncoding = 4; lastKnownFileType = sourcecode.c.h; path = "NSString+SBJSON.h"; sourceTree = "<group>"; };
		4C24A8081275C7C400F95168 /* NSString+SBJSON.m */ = {isa = PBXFileReference; fileEncoding = 4; lastKnownFileType = sourcecode.c.objc; path = "NSString+SBJSON.m"; sourceTree = "<group>"; };
		4C24A8091275C7C400F95168 /* SBJsonBase.h */ = {isa = PBXFileReference; fileEncoding = 4; lastKnownFileType = sourcecode.c.h; path = SBJsonBase.h; sourceTree = "<group>"; };
		4C24A80A1275C7C400F95168 /* SBJsonBase.m */ = {isa = PBXFileReference; fileEncoding = 4; lastKnownFileType = sourcecode.c.objc; path = SBJsonBase.m; sourceTree = "<group>"; };
		4C24A80B1275C7C400F95168 /* SBJsonParser.h */ = {isa = PBXFileReference; fileEncoding = 4; lastKnownFileType = sourcecode.c.h; path = SBJsonParser.h; sourceTree = "<group>"; };
		4C24A80C1275C7C400F95168 /* SBJsonParser.m */ = {isa = PBXFileReference; fileEncoding = 4; lastKnownFileType = sourcecode.c.objc; path = SBJsonParser.m; sourceTree = "<group>"; };
		4C24A80D1275C7C400F95168 /* SBJsonWriter.h */ = {isa = PBXFileReference; fileEncoding = 4; lastKnownFileType = sourcecode.c.h; path = SBJsonWriter.h; sourceTree = "<group>"; };
		4C24A80E1275C7C400F95168 /* SBJsonWriter.m */ = {isa = PBXFileReference; fileEncoding = 4; lastKnownFileType = sourcecode.c.objc; path = SBJsonWriter.m; sourceTree = "<group>"; };
		4C24A8191275C7E100F95168 /* LICENSE */ = {isa = PBXFileReference; fileEncoding = 4; lastKnownFileType = text; path = LICENSE; sourceTree = "<group>"; };
		4C24A8D11275E75300F95168 /* Icon.icns */ = {isa = PBXFileReference; lastKnownFileType = image.icns; path = Icon.icns; sourceTree = "<group>"; };
		4C24A9741276492400F95168 /* main.m */ = {isa = PBXFileReference; fileEncoding = 4; lastKnownFileType = sourcecode.c.objc; path = main.m; sourceTree = "<group>"; };
		4C24A98812764A4C00F95168 /* Services.h */ = {isa = PBXFileReference; fileEncoding = 4; lastKnownFileType = sourcecode.c.h; path = Services.h; sourceTree = "<group>"; };
		4C24A98912764A4C00F95168 /* Services.m */ = {isa = PBXFileReference; fileEncoding = 4; lastKnownFileType = sourcecode.c.objc; path = Services.m; sourceTree = "<group>"; };
		4C505DD312B98E64000E89AD /* simple-test */ = {isa = PBXFileReference; explicitFileType = "compiled.mach-o.executable"; includeInIndex = 0; path = "simple-test"; sourceTree = BUILT_PRODUCTS_DIR; };
		4C50621712BB372A000E89AD /* AccentuateUs.framework */ = {isa = PBXFileReference; explicitFileType = wrapper.framework; includeInIndex = 0; path = AccentuateUs.framework; sourceTree = BUILT_PRODUCTS_DIR; };
		4C50621812BB372A000E89AD /* AccentuateUs-Info.plist */ = {isa = PBXFileReference; lastKnownFileType = text.plist.xml; path = "AccentuateUs-Info.plist"; sourceTree = "<group>"; };
		4CD8474612736EC300F74A59 /* AccentuateUs.h */ = {isa = PBXFileReference; fileEncoding = 4; lastKnownFileType = sourcecode.c.h; path = AccentuateUs.h; sourceTree = "<group>"; };
		4CD8474712736EC300F74A59 /* AccentuateUs.m */ = {isa = PBXFileReference; fileEncoding = 4; lastKnownFileType = sourcecode.c.objc; path = AccentuateUs.m; sourceTree = "<group>"; };
		4CD84AC51273D7A800F74A59 /* Cocoa.framework */ = {isa = PBXFileReference; lastKnownFileType = wrapper.framework; name = Cocoa.framework; path = /System/Library/Frameworks/Cocoa.framework; sourceTree = "<absolute>"; };
		8D576316048677EA00EA77CD /* accentuateus-osx-service.service */ = {isa = PBXFileReference; explicitFileType = wrapper.cfbundle; includeInIndex = 0; path = "accentuateus-osx-service.service"; sourceTree = BUILT_PRODUCTS_DIR; };
		8D576317048677EA00EA77CD /* Info.plist */ = {isa = PBXFileReference; fileEncoding = 4; lastKnownFileType = text.plist.xml; path = Info.plist; sourceTree = "<group>"; };
/* End PBXFileReference section */

/* Begin PBXFrameworksBuildPhase section */
		4C505DD112B98E64000E89AD /* Frameworks */ = {
			isa = PBXFrameworksBuildPhase;
			buildActionMask = 2147483647;
			files = (
			);
			runOnlyForDeploymentPostprocessing = 0;
		};
		4C50621512BB372A000E89AD /* Frameworks */ = {
			isa = PBXFrameworksBuildPhase;
			buildActionMask = 2147483647;
			files = (
			);
			runOnlyForDeploymentPostprocessing = 0;
		};
		8D576313048677EA00EA77CD /* Frameworks */ = {
			isa = PBXFrameworksBuildPhase;
			buildActionMask = 2147483647;
			files = (
				4CD84AC61273D7A800F74A59 /* Cocoa.framework in Frameworks */,
			);
			runOnlyForDeploymentPostprocessing = 0;
		};
/* End PBXFrameworksBuildPhase section */

/* Begin PBXGroup section */
		089C166AFE841209C02AAC07 /* accentuateus-osx-service */ = {
			isa = PBXGroup;
			children = (
				08FB77AFFE84173DC02AAC07 /* Source */,
				089C167CFE841241C02AAC07 /* Resources */,
				089C1671FE841209C02AAC07 /* External Frameworks and Libraries */,
				19C28FB6FE9D52B211CA2CBB /* Products */,
				4C50621812BB372A000E89AD /* AccentuateUs-Info.plist */,
			);
			name = "accentuateus-osx-service";
			sourceTree = "<group>";
		};
		089C1671FE841209C02AAC07 /* External Frameworks and Libraries */ = {
			isa = PBXGroup;
			children = (
				4C24A8031275C7C400F95168 /* JSON */,
				4CD84AC51273D7A800F74A59 /* Cocoa.framework */,
			);
			name = "External Frameworks and Libraries";
			sourceTree = "<group>";
		};
		089C167CFE841241C02AAC07 /* Resources */ = {
			isa = PBXGroup;
			children = (
				4C24A8D11275E75300F95168 /* Icon.icns */,
				8D576317048677EA00EA77CD /* Info.plist */,
				8D5B49A704867FD3000E48DA /* InfoPlist.strings */,
			);
			name = Resources;
			sourceTree = "<group>";
		};
		08FB77AFFE84173DC02AAC07 /* Source */ = {
			isa = PBXGroup;
			children = (
				4CD8474612736EC300F74A59 /* AccentuateUs.h */,
				4CD8474712736EC300F74A59 /* AccentuateUs.m */,
				4C24A9741276492400F95168 /* main.m */,
				4C24A98812764A4C00F95168 /* Services.h */,
				4C24A98912764A4C00F95168 /* Services.m */,
			);
			name = Source;
			sourceTree = "<group>";
		};
		19C28FB6FE9D52B211CA2CBB /* Products */ = {
			isa = PBXGroup;
			children = (
				8D576316048677EA00EA77CD /* accentuateus-osx-service.service */,
				4C505DD312B98E64000E89AD /* simple-test */,
				4C50621712BB372A000E89AD /* AccentuateUs.framework */,
			);
			name = Products;
			sourceTree = "<group>";
		};
		4C24A8031275C7C400F95168 /* JSON */ = {
			isa = PBXGroup;
			children = (
				4C24A8191275C7E100F95168 /* LICENSE */,
				4C24A8041275C7C400F95168 /* JSON.h */,
				4C24A8051275C7C400F95168 /* NSObject+SBJSON.h */,
				4C24A8061275C7C400F95168 /* NSObject+SBJSON.m */,
				4C24A8071275C7C400F95168 /* NSString+SBJSON.h */,
				4C24A8081275C7C400F95168 /* NSString+SBJSON.m */,
				4C24A8091275C7C400F95168 /* SBJsonBase.h */,
				4C24A80A1275C7C400F95168 /* SBJsonBase.m */,
				4C24A80B1275C7C400F95168 /* SBJsonParser.h */,
				4C24A80C1275C7C400F95168 /* SBJsonParser.m */,
				4C24A80D1275C7C400F95168 /* SBJsonWriter.h */,
				4C24A80E1275C7C400F95168 /* SBJsonWriter.m */,
			);
			path = JSON;
			sourceTree = "<group>";
		};
/* End PBXGroup section */

/* Begin PBXHeadersBuildPhase section */
		4C50621212BB372A000E89AD /* Headers */ = {
			isa = PBXHeadersBuildPhase;
			buildActionMask = 2147483647;
			files = (
			);
			runOnlyForDeploymentPostprocessing = 0;
		};
/* End PBXHeadersBuildPhase section */

/* Begin PBXNativeTarget section */
		4C505DD212B98E64000E89AD /* simple-test */ = {
			isa = PBXNativeTarget;
			buildConfigurationList = 4C505DE012B98E77000E89AD /* Build configuration list for PBXNativeTarget "simple-test" */;
			buildPhases = (
				4C505DD012B98E64000E89AD /* Sources */,
				4C505DD112B98E64000E89AD /* Frameworks */,
			);
			buildRules = (
			);
			dependencies = (
			);
			name = "simple-test";
			productName = "simple-test";
			productReference = 4C505DD312B98E64000E89AD /* simple-test */;
			productType = "com.apple.product-type.tool";
		};
		4C50621612BB372A000E89AD /* AccentuateUs */ = {
			isa = PBXNativeTarget;
			buildConfigurationList = 4C50621B12BB372B000E89AD /* Build configuration list for PBXNativeTarget "AccentuateUs" */;
			buildPhases = (
				4C50621212BB372A000E89AD /* Headers */,
				4C50621312BB372A000E89AD /* Resources */,
				4C50621412BB372A000E89AD /* Sources */,
				4C50621512BB372A000E89AD /* Frameworks */,
			);
			buildRules = (
			);
			dependencies = (
			);
			name = AccentuateUs;
			productName = AccentuateUs;
			productReference = 4C50621712BB372A000E89AD /* AccentuateUs.framework */;
			productType = "com.apple.product-type.framework";
		};
		8D57630D048677EA00EA77CD /* accentuateus-osx-service */ = {
			isa = PBXNativeTarget;
			buildConfigurationList = 1DEB911A08733D790010E9CD /* Build configuration list for PBXNativeTarget "accentuateus-osx-service" */;
			buildPhases = (
				8D57630F048677EA00EA77CD /* Resources */,
				8D576311048677EA00EA77CD /* Sources */,
				8D576313048677EA00EA77CD /* Frameworks */,
			);
			buildRules = (
			);
			dependencies = (
			);
			name = "accentuateus-osx-service";
			productInstallPath = "$(HOME)/Library/Bundles";
			productName = "accentuateus-osx-service";
			productReference = 8D576316048677EA00EA77CD /* accentuateus-osx-service.service */;
			productType = "com.apple.product-type.bundle";
		};
/* End PBXNativeTarget section */

/* Begin PBXProject section */
		089C1669FE841209C02AAC07 /* Project object */ = {
			isa = PBXProject;
			buildConfigurationList = 1DEB911E08733D790010E9CD /* Build configuration list for PBXProject "accentuateus-osx-service" */;
			compatibilityVersion = "Xcode 3.1";
			hasScannedForEncodings = 1;
			mainGroup = 089C166AFE841209C02AAC07 /* accentuateus-osx-service */;
			projectDirPath = "";
			projectRoot = "";
			targets = (
				8D57630D048677EA00EA77CD /* accentuateus-osx-service */,
				4C505DD212B98E64000E89AD /* simple-test */,
				4C50621612BB372A000E89AD /* AccentuateUs */,
			);
		};
/* End PBXProject section */

/* Begin PBXResourcesBuildPhase section */
		4C50621312BB372A000E89AD /* Resources */ = {
			isa = PBXResourcesBuildPhase;
			buildActionMask = 2147483647;
			files = (
			);
			runOnlyForDeploymentPostprocessing = 0;
		};
		8D57630F048677EA00EA77CD /* Resources */ = {
			isa = PBXResourcesBuildPhase;
			buildActionMask = 2147483647;
			files = (
				8D5B49A804867FD3000E48DA /* InfoPlist.strings in Resources */,
				4C24A81A1275C7E100F95168 /* LICENSE in Resources */,
				4C24A8D21275E75300F95168 /* Icon.icns in Resources */,
			);
			runOnlyForDeploymentPostprocessing = 0;
		};
/* End PBXResourcesBuildPhase section */

/* Begin PBXSourcesBuildPhase section */
		4C505DD012B98E64000E89AD /* Sources */ = {
			isa = PBXSourcesBuildPhase;
			buildActionMask = 2147483647;
			files = (
				4C505E0D12B99EC4000E89AD /* AccentuateUs.m in Sources */,
				4C505E0E12B99EC5000E89AD /* main.m in Sources */,
				4C505E0F12B99EC6000E89AD /* Services.m in Sources */,
				4C505E5A12B9A3B4000E89AD /* SBJsonParser.m in Sources */,
				4C505E5B12B9A3B5000E89AD /* SBJsonWriter.m in Sources */,
				4C505E5E12B9A3BB000E89AD /* SBJsonBase.m in Sources */,
			);
			runOnlyForDeploymentPostprocessing = 0;
		};
		4C50621412BB372A000E89AD /* Sources */ = {
			isa = PBXSourcesBuildPhase;
			buildActionMask = 2147483647;
			files = (
			);
			runOnlyForDeploymentPostprocessing = 0;
		};
		8D576311048677EA00EA77CD /* Sources */ = {
			isa = PBXSourcesBuildPhase;
			buildActionMask = 2147483647;
			files = (
				4CD8474812736EC300F74A59 /* AccentuateUs.m in Sources */,
				4C24A80F1275C7C400F95168 /* NSObject+SBJSON.m in Sources */,
				4C24A8101275C7C400F95168 /* NSString+SBJSON.m in Sources */,
				4C24A8111275C7C400F95168 /* SBJsonBase.m in Sources */,
				4C24A8121275C7C400F95168 /* SBJsonParser.m in Sources */,
				4C24A8131275C7C400F95168 /* SBJsonWriter.m in Sources */,
				4C24A9751276492400F95168 /* main.m in Sources */,
				4C24A98A12764A4C00F95168 /* Services.m in Sources */,
			);
			runOnlyForDeploymentPostprocessing = 0;
		};
/* End PBXSourcesBuildPhase section */

/* Begin PBXVariantGroup section */
		8D5B49A704867FD3000E48DA /* InfoPlist.strings */ = {
			isa = PBXVariantGroup;
			children = (
				089C167EFE841241C02AAC07 /* English */,
			);
			name = InfoPlist.strings;
			sourceTree = "<group>";
		};
/* End PBXVariantGroup section */

/* Begin XCBuildConfiguration section */
		1DEB911B08733D790010E9CD /* Debug */ = {
			isa = XCBuildConfiguration;
			buildSettings = {
				ALWAYS_SEARCH_USER_PATHS = NO;
				COPY_PHASE_STRIP = NO;
				DEBUG_INFORMATION_FORMAT = dwarf;
				GCC_DYNAMIC_NO_PIC = NO;
				GCC_ENABLE_FIX_AND_CONTINUE = YES;
				GCC_MODEL_TUNING = G5;
				GCC_OPTIMIZATION_LEVEL = 0;
				GENERATE_PKGINFO_FILE = YES;
				INFOPLIST_FILE = Info.plist;
				INSTALL_PATH = "$(HOME)/Library/Services";
				MACH_O_TYPE = mh_execute;
				OTHER_LDFLAGS = (
					"-framework",
					Foundation,
					"-framework",
					AppKit,
				);
				PRODUCT_NAME = "accentuateus-osx-service";
				STRIP_STYLE = all;
				WARNING_CFLAGS = "";
				WRAPPER_EXTENSION = service;
			};
			name = Debug;
		};
		1DEB911C08733D790010E9CD /* Release */ = {
			isa = XCBuildConfiguration;
			buildSettings = {
				ALWAYS_SEARCH_USER_PATHS = NO;
				DEBUG_INFORMATION_FORMAT = dwarf;
				GCC_MODEL_TUNING = G5;
				GENERATE_PKGINFO_FILE = YES;
				INFOPLIST_FILE = Info.plist;
				INSTALL_PATH = "$(HOME)/Library/Services";
				MACH_O_TYPE = mh_execute;
				OTHER_LDFLAGS = (
					"-framework",
					Foundation,
					"-framework",
					AppKit,
				);
				PRODUCT_NAME = "accentuateus-osx-service";
				STRIP_STYLE = all;
				WARNING_CFLAGS = "";
				WRAPPER_EXTENSION = service;
			};
			name = Release;
		};
		1DEB911F08733D790010E9CD /* Debug */ = {
			isa = XCBuildConfiguration;
			buildSettings = {
				ARCHS = "$(NATIVE_ARCH_ACTUAL)";
				GCC_C_LANGUAGE_STANDARD = gnu99;
				GCC_OPTIMIZATION_LEVEL = 0;
				GCC_WARN_ABOUT_RETURN_TYPE = YES;
				GCC_WARN_UNUSED_VARIABLE = YES;
				ONLY_ACTIVE_ARCH = NO;
				PREBINDING = NO;
				PRODUCT_NAME = "accentuateus-osx-service";
				SDKROOT = macosx10.6;
			};
			name = Debug;
		};
		1DEB912008733D790010E9CD /* Release */ = {
			isa = XCBuildConfiguration;
			buildSettings = {
				ARCHS = "$(NATIVE_ARCH_ACTUAL)";
				GCC_C_LANGUAGE_STANDARD = gnu99;
				GCC_WARN_ABOUT_RETURN_TYPE = YES;
				GCC_WARN_UNUSED_VARIABLE = YES;
				ONLY_ACTIVE_ARCH = NO;
				PREBINDING = NO;
				PRODUCT_NAME = "accentuateus-osx-service";
				SDKROOT = macosx10.6;
			};
			name = Release;
		};
		4C505DD512B98E64000E89AD /* Debug */ = {
			isa = XCBuildConfiguration;
			buildSettings = {
				ALWAYS_SEARCH_USER_PATHS = NO;
				COPY_PHASE_STRIP = NO;
				GCC_DYNAMIC_NO_PIC = NO;
				GCC_ENABLE_FIX_AND_CONTINUE = YES;
				GCC_MODEL_TUNING = G5;
				GCC_OPTIMIZATION_LEVEL = 0;
				GCC_PRECOMPILE_PREFIX_HEADER = YES;
				GCC_PREFIX_HEADER = "$(SYSTEM_LIBRARY_DIR)/Frameworks/AppKit.framework/Headers/AppKit.h";
				INSTALL_PATH = /usr/local/bin;
				MACH_O_TYPE = mh_execute;
				OTHER_LDFLAGS = (
					"-framework",
					Foundation,
					"-framework",
					AppKit,
				);
				PREBINDING = NO;
				PRODUCT_NAME = "simple-test";
			};
			name = Debug;
		};
		4C505DD612B98E64000E89AD /* Release */ = {
			isa = XCBuildConfiguration;
			buildSettings = {
				ALWAYS_SEARCH_USER_PATHS = NO;
				COPY_PHASE_STRIP = YES;
				DEBUG_INFORMATION_FORMAT = "dwarf-with-dsym";
				GCC_ENABLE_FIX_AND_CONTINUE = NO;
				GCC_MODEL_TUNING = G5;
				GCC_PRECOMPILE_PREFIX_HEADER = YES;
				GCC_PREFIX_HEADER = "$(SYSTEM_LIBRARY_DIR)/Frameworks/AppKit.framework/Headers/AppKit.h";
				INSTALL_PATH = /usr/local/bin;
				MACH_O_TYPE = mh_execute;
				OTHER_LDFLAGS = (
					"-framework",
					Foundation,
					"-framework",
					AppKit,
				);
				PREBINDING = NO;
				PRODUCT_NAME = "simple-test";
				ZERO_LINK = NO;
			};
			name = Release;
		};
		4C50621912BB372B000E89AD /* Debug */ = {
			isa = XCBuildConfiguration;
			buildSettings = {
				ALWAYS_SEARCH_USER_PATHS = NO;
				COPY_PHASE_STRIP = NO;
				DYLIB_COMPATIBILITY_VERSION = 1;
				DYLIB_CURRENT_VERSION = 1;
				FRAMEWORK_VERSION = A;
				GCC_DYNAMIC_NO_PIC = NO;
				GCC_ENABLE_FIX_AND_CONTINUE = YES;
				GCC_MODEL_TUNING = G5;
				GCC_OPTIMIZATION_LEVEL = 0;
				GCC_PRECOMPILE_PREFIX_HEADER = YES;
				GCC_PREFIX_HEADER = "$(SYSTEM_LIBRARY_DIR)/Frameworks/AppKit.framework/Headers/AppKit.h";
				INFOPLIST_FILE = "AccentuateUs-Info.plist";
				INSTALL_PATH = "$(HOME)/Library/Frameworks";
				OTHER_LDFLAGS = (
					"-framework",
					Foundation,
					"-framework",
					AppKit,
				);
				PREBINDING = NO;
				PRODUCT_NAME = AccentuateUs;
			};
			name = Debug;
		};
		4C50621A12BB372B000E89AD /* Release */ = {
			isa = XCBuildConfiguration;
			buildSettings = {
				ALWAYS_SEARCH_USER_PATHS = NO;
				COPY_PHASE_STRIP = YES;
				DEBUG_INFORMATION_FORMAT = "dwarf-with-dsym";
				DYLIB_COMPATIBILITY_VERSION = 1;
				DYLIB_CURRENT_VERSION = 1;
				FRAMEWORK_VERSION = A;
				GCC_ENABLE_FIX_AND_CONTINUE = NO;
				GCC_MODEL_TUNING = G5;
				GCC_PRECOMPILE_PREFIX_HEADER = YES;
				GCC_PREFIX_HEADER = "$(SYSTEM_LIBRARY_DIR)/Frameworks/AppKit.framework/Headers/AppKit.h";
				INFOPLIST_FILE = "AccentuateUs-Info.plist";
				INSTALL_PATH = "$(HOME)/Library/Frameworks";
				OTHER_LDFLAGS = (
					"-framework",
					Foundation,
					"-framework",
					AppKit,
				);
				PREBINDING = NO;
				PRODUCT_NAME = AccentuateUs;
				ZERO_LINK = NO;
			};
			name = Release;
		};
/* End XCBuildConfiguration section */

/* Begin XCConfigurationList section */
		1DEB911A08733D790010E9CD /* Build configuration list for PBXNativeTarget "accentuateus-osx-service" */ = {
			isa = XCConfigurationList;
			buildConfigurations = (
				1DEB911B08733D790010E9CD /* Debug */,
				1DEB911C08733D790010E9CD /* Release */,
			);
			defaultConfigurationIsVisible = 0;
			defaultConfigurationName = Release;
		};
		1DEB911E08733D790010E9CD /* Build configuration list for PBXProject "accentuateus-osx-service" */ = {
			isa = XCConfigurationList;
			buildConfigurations = (
				1DEB911F08733D790010E9CD /* Debug */,
				1DEB912008733D790010E9CD /* Release */,
			);
			defaultConfigurationIsVisible = 0;
			defaultConfigurationName = Release;
		};
		4C505DE012B98E77000E89AD /* Build configuration list for PBXNativeTarget "simple-test" */ = {
			isa = XCConfigurationList;
			buildConfigurations = (
				4C505DD512B98E64000E89AD /* Debug */,
				4C505DD612B98E64000E89AD /* Release */,
			);
			defaultConfigurationIsVisible = 0;
			defaultConfigurationName = Release;
		};
		4C50621B12BB372B000E89AD /* Build configuration list for PBXNativeTarget "AccentuateUs" */ = {
			isa = XCConfigurationList;
			buildConfigurations = (
				4C50621912BB372B000E89AD /* Debug */,
				4C50621A12BB372B000E89AD /* Release */,
			);
			defaultConfigurationIsVisible = 0;
			defaultConfigurationName = Release;
		};
/* End XCConfigurationList section */
	};
	rootObject = 089C1669FE841209C02AAC07 /* Project object */;
}
